
Microsoft Visual Studio Solution File, Format Version 12.00
# Visual Studio 2012
Project("{FAE04EC0-301F-11D3-BF4B-00C04F79EFBC}") = "OpenCommandPromptHere", "OpenCommandPromptHere\OpenCommandPromptHere.csproj", "{7BAC6C95-8DBC-41FB-8235-C774432BD611}"
EndProject
Project("{FAE04EC0-301F-11D3-BF4B-00C04F79EFBC}") = "OpenCommandPromptHereSettings", "OpenCommandPromptHereSettings\OpenCommandPromptHereSettings.csproj", "{45EA259C-453A-487D-B545-76C3ADE309E0}"
EndProject
Global
	GlobalSection(SolutionConfigurationPlatforms) = preSolution
		Debug|Any CPU = Debug|Any CPU
		Release|Any CPU = Release|Any CPU
	EndGlobalSection
	GlobalSection(ProjectConfigurationPlatforms) = postSolution
		{7BAC6C95-8DBC-41FB-8235-C774432BD611}.Debug|Any CPU.ActiveCfg = Debug|Any CPU
		{7BAC6C95-8DBC-41FB-8235-C774432BD611}.Debug|Any CPU.Build.0 = Debug|Any CPU
		{7BAC6C95-8DBC-41FB-8235-C774432BD611}.Release|Any CPU.ActiveCfg = Release|Any CPU
		{7BAC6C95-8DBC-41FB-8235-C774432BD611}.Release|Any CPU.Build.0 = Release|Any CPU
		{45EA259C-453A-487D-B545-76C3ADE309E0}.Debug|Any CPU.ActiveCfg = Debug|Any CPU
		{45EA259C-453A-487D-B545-76C3ADE309E0}.Debug|Any CPU.Build.0 = Debug|Any CPU
		{45EA259C-453A-487D-B545-76C3ADE309E0}.Release|Any CPU.ActiveCfg = Release|Any CPU
		{45EA259C-453A-487D-B545-76C3ADE309E0}.Release|Any CPU.Build.0 = Release|Any CPU
	EndGlobalSection
	GlobalSection(SolutionProperties) = preSolution
		HideSolutionNode = FALSE
	EndGlobalSection
EndGlobal
