<?xml version="1.0" encoding="utf-8"?>
<Project ToolsVersion="4.0" xmlns="http://schemas.microsoft.com/developer/msbuild/2003">
  <ItemGroup>
    <Filter Include="Source Files">
      <UniqueIdentifier>{6b535638-8289-4461-ad12-ec6711c6eda0}</UniqueIdentifier>
    </Filter>
    <Filter Include="Generated Files">
      <UniqueIdentifier>{7ffee0f5-253e-4f28-8aab-eb0ca66e538f}</UniqueIdentifier>
      <SourceControlFiles>False</SourceControlFiles>
    </Filter>
  </ItemGroup>
  <ItemGroup>
    <ClCompile Include="dlldata.c">
      <Filter>Source Files</Filter>
    </ClCompile>
    <ClCompile Include="OpenCommandPromptHereExt_i.c">
      <Filter>Source Files</Filter>
    </ClCompile>
    <ClCompile Include="OpenCommandPromptHereExt_p.c">
      <Filter>Source Files</Filter>
    </ClCompile>
  </ItemGroup>
  <ItemGroup>
    <None Include="OpenCommandPromptHereExtps.def" />
  </ItemGroup>
</Project>